
Microsoft Visual Studio Solution File, Format Version 12.00
# Visual Studio Version 16
VisualStudioVersion = 16.0.29613.14
MinimumVisualStudioVersion = 10.0.40219.1
Project("{FAE04EC0-301F-11D3-BF4B-00C04F79EFBC}") = "FindPath", "FindPath.csproj", "{42748AE9-FB8E-43D3-B7E4-BEC0800DA9CA}"
EndProject
Global
	GlobalSection(SolutionConfigurationPlatforms) = preSolution
		Debug|Any CPU = Debug|Any CPU
		Release|Any CPU = Release|Any CPU
	EndGlobalSection
	GlobalSection(ProjectConfigurationPlatforms) = postSolution
		{42748AE9-FB8E-43D3-B7E4-BEC0800DA9CA}.Debug|Any CPU.ActiveCfg = Debug|Any CPU
		{42748AE9-FB8E-43D3-B7E4-BEC0800DA9CA}.Debug|Any CPU.Build.0 = Debug|Any CPU
		{42748AE9-FB8E-43D3-B7E4-BEC0800DA9CA}.Release|Any CPU.ActiveCfg = Release|Any CPU
		{42748AE9-FB8E-43D3-B7E4-BEC0800DA9CA}.Release|Any CPU.Build.0 = Release|Any CPU
	EndGlobalSection
	GlobalSection(SolutionProperties) = preSolution
		HideSolutionNode = FALSE
	EndGlobalSection
	GlobalSection(ExtensibilityGlobals) = postSolution
		SolutionGuid = {B634BAF0-2541-4F1B-8DA1-1215C561CFE2}
	EndGlobalSection
EndGlobal
